// !$*UTF8*$!
{
	archiveVersion = 1;
	classes = {
	};
	objectVersion = 90;
	objects = {

/* Begin PBXBuildFile section */
		CA6A99AF2E415318007D7A87 /* SummarizeIt Extension.appex in Embed Foundation Extensions */ = {isa = PBXBuildFile; fileRef = CA6A99AE2E415318007D7A87 /* SummarizeIt Extension.appex */; settings = {ATTRIBUTES = (RemoveHeadersOnCopy, ); }; };
		CA762B652E67AA36008676B3 /* SummarizeIt Extension.appex in Embed Foundation Extensions */ = {isa = PBXBuildFile; fileRef = CA6A99B82E415318007D7A87 /* SummarizeIt Extension.appex */; settings = {ATTRIBUTES = (RemoveHeadersOnCopy, ); }; };
/* End PBXBuildFile section */

/* Begin PBXContainerItemProxy section */
		CA6A99B02E415318007D7A87 /* PBXContainerItemProxy */ = {
			isa = PBXContainerItemProxy;
			containerPortal = CA6A99752E415317007D7A87 /* Project object */;
			proxyType = 1;
			remoteGlobalIDString = CA6A99AD2E415318007D7A87;
			remoteInfo = "SummarizeIt Extension (iOS)";
		};
		CA762B662E67AA36008676B3 /* PBXContainerItemProxy */ = {
			isa = PBXContainerItemProxy;
			containerPortal = CA6A99752E415317007D7A87 /* Project object */;
			proxyType = 1;
			remoteGlobalIDString = CA6A99B72E415318007D7A87;
			remoteInfo = "SummarizeIt Extension (macOS)";
		};
/* End PBXContainerItemProxy section */

/* Begin PBXCopyFilesBuildPhase section */
		CA6A99E12E415318007D7A87 /* Embed Foundation Extensions */ = {
			isa = PBXCopyFilesBuildPhase;
			dstPath = "";
			dstSubfolder = PlugIns;
			files = (
				CA6A99AF2E415318007D7A87 /* SummarizeIt Extension.appex in Embed Foundation Extensions */,
			);
			name = "Embed Foundation Extensions";
		};
		CA762B682E67AA36008676B3 /* Embed Foundation Extensions */ = {
			isa = PBXCopyFilesBuildPhase;
			dstPath = "";
			dstSubfolder = PlugIns;
			files = (
				CA762B652E67AA36008676B3 /* SummarizeIt Extension.appex in Embed Foundation Extensions */,
			);
			name = "Embed Foundation Extensions";
		};
/* End PBXCopyFilesBuildPhase section */

/* Begin PBXFileReference section */
		CA6A99912E415318007D7A87 /* SummarizeIt.app */ = {isa = PBXFileReference; explicitFileType = wrapper.application; includeInIndex = 0; path = SummarizeIt.app; sourceTree = BUILT_PRODUCTS_DIR; };
		CA6A99A32E415318007D7A87 /* SummarizeIt.app */ = {isa = PBXFileReference; explicitFileType = wrapper.application; includeInIndex = 0; path = SummarizeIt.app; sourceTree = BUILT_PRODUCTS_DIR; };
		CA6A99AE2E415318007D7A87 /* SummarizeIt Extension.appex */ = {isa = PBXFileReference; explicitFileType = "wrapper.app-extension"; includeInIndex = 0; path = "SummarizeIt Extension.appex"; sourceTree = BUILT_PRODUCTS_DIR; };
		CA6A99B82E415318007D7A87 /* SummarizeIt Extension.appex */ = {isa = PBXFileReference; explicitFileType = "wrapper.app-extension"; includeInIndex = 0; path = "SummarizeIt Extension.appex"; sourceTree = BUILT_PRODUCTS_DIR; };
		CA6A99F32E415883007D7A87 /* SummarizeIt (iOS).entitlements */ = {isa = PBXFileReference; lastKnownFileType = text.plist.entitlements; path = "SummarizeIt (iOS).entitlements"; sourceTree = "<group>"; };
		CA6A99F42E4158C0007D7A87 /* SummarizeIt (macOS).entitlements */ = {isa = PBXFileReference; lastKnownFileType = text.plist.entitlements; path = "SummarizeIt (macOS).entitlements"; sourceTree = "<group>"; };
		CA6A99F52E4158D0007D7A87 /* SummarizeIt Extension (iOS).entitlements */ = {isa = PBXFileReference; lastKnownFileType = text.plist.entitlements; path = "SummarizeIt Extension (iOS).entitlements"; sourceTree = "<group>"; };
		CA6A99F62E4158DC007D7A87 /* SummarizeIt Extension (macOS).entitlements */ = {isa = PBXFileReference; lastKnownFileType = text.plist.entitlements; path = "SummarizeIt Extension (macOS).entitlements"; sourceTree = "<group>"; };
/* End PBXFileReference section */

/* Begin PBXFileSystemSynchronizedBuildFileExceptionSet section */
		CA6A99DC2E415318007D7A87 /* Exceptions for "Shared (App)" folder in "SummarizeIt (iOS)" target */ = {
			isa = PBXFileSystemSynchronizedBuildFileExceptionSet;
			membershipExceptions = (
				"/Localized: Resources/Main.html",
				Assets.xcassets,
				Resources/Icon.png,
				Resources/Script.js,
				Resources/Style.css,
				ViewController.swift,
			);
			target = CA6A99902E415318007D7A87 /* SummarizeIt (iOS) */;
		};
		CA6A99E02E415318007D7A87 /* Exceptions for "iOS (Extension)" folder in "SummarizeIt Extension (iOS)" target */ = {
			isa = PBXFileSystemSynchronizedBuildFileExceptionSet;
			membershipExceptions = (
				Info.plist,
			);
			target = CA6A99AD2E415318007D7A87 /* SummarizeIt Extension (iOS) */;
		};
		CA6A99E52E415318007D7A87 /* Exceptions for "iOS (App)" folder in "SummarizeIt (iOS)" target */ = {
			isa = PBXFileSystemSynchronizedBuildFileExceptionSet;
			membershipExceptions = (
				Info.plist,
			);
			target = CA6A99902E415318007D7A87 /* SummarizeIt (iOS) */;
		};
		CA6A99E62E415318007D7A87 /* Exceptions for "Shared (App)" folder in "SummarizeIt (macOS)" target */ = {
			isa = PBXFileSystemSynchronizedBuildFileExceptionSet;
			membershipExceptions = (
				"/Localized: Resources/Main.html",
				Assets.xcassets,
				Resources/Icon.png,
				Resources/Script.js,
				Resources/Style.css,
				ViewController.swift,
			);
			target = CA6A99A22E415318007D7A87 /* SummarizeIt (macOS) */;
		};
		CA6A99EA2E415318007D7A87 /* Exceptions for "macOS (Extension)" folder in "SummarizeIt Extension (macOS)" target */ = {
			isa = PBXFileSystemSynchronizedBuildFileExceptionSet;
			membershipExceptions = (
				Info.plist,
			);
			target = CA6A99B72E415318007D7A87 /* SummarizeIt Extension (macOS) */;
		};
		CA6A99EF2E415318007D7A87 /* Exceptions for "Shared (Extension)" folder in "SummarizeIt Extension (iOS)" target */ = {
			isa = PBXFileSystemSynchronizedBuildFileExceptionSet;
			membershipExceptions = (
				AIAvailability.swift,
				Resources/_locales,
				Resources/background.js,
				Resources/content.js,
				Resources/images,
				Resources/manifest.json,
				Resources/popup.css,
				Resources/popup.html,
				Resources/popup.js,
				Resources/Readability.js,
				SafariWebExtensionHandler.swift,
				SummarizationSvc.swift,
			);
			target = CA6A99AD2E415318007D7A87 /* SummarizeIt Extension (iOS) */;
		};
		CA6A99F02E415318007D7A87 /* Exceptions for "Shared (Extension)" folder in "SummarizeIt Extension (macOS)" target */ = {
			isa = PBXFileSystemSynchronizedBuildFileExceptionSet;
			membershipExceptions = (
				AIAvailability.swift,
				Resources/_locales,
				Resources/background.js,
				Resources/content.js,
				Resources/images,
				Resources/manifest.json,
				Resources/popup.css,
				Resources/popup.html,
				Resources/popup.js,
				Resources/Readability.js,
				SafariWebExtensionHandler.swift,
				SummarizationSvc.swift,
			);
			target = CA6A99B72E415318007D7A87 /* SummarizeIt Extension (macOS) */;
		};
		CAEF83822E6853F500C7BC5B /* Exceptions for "Shared (Extension)" folder in "SummarizeIt (macOS)" target */ = {
			isa = PBXFileSystemSynchronizedBuildFileExceptionSet;
			membershipExceptions = (
				Resources/_locales,
			);
			target = CA6A99A22E415318007D7A87 /* SummarizeIt (macOS) */;
		};
		CAEF83842E68540A00C7BC5B /* Exceptions for "Shared (Extension)" folder in "SummarizeIt (iOS)" target */ = {
			isa = PBXFileSystemSynchronizedBuildFileExceptionSet;
			membershipExceptions = (
				Resources/_locales,
			);
			target = CA6A99902E415318007D7A87 /* SummarizeIt (iOS) */;
		};
/* End PBXFileSystemSynchronizedBuildFileExceptionSet section */

/* Begin PBXFileSystemSynchronizedRootGroup section */
		CA6A99792E415317007D7A87 /* Shared (App) */ = {
			isa = PBXFileSystemSynchronizedRootGroup;
			exceptions = (
				CA6A99DC2E415318007D7A87 /* Exceptions for "Shared (App)" folder in "SummarizeIt (iOS)" target */,
				CA6A99E62E415318007D7A87 /* Exceptions for "Shared (App)" folder in "SummarizeIt (macOS)" target */,
			);
			path = "Shared (App)";
			sourceTree = "<group>";
		};
		CA6A99822E415318007D7A87 /* Shared (Extension) */ = {
			isa = PBXFileSystemSynchronizedRootGroup;
			exceptions = (
				CAEF83842E68540A00C7BC5B /* Exceptions for "Shared (Extension)" folder in "SummarizeIt (iOS)" target */,
				CAEF83822E6853F500C7BC5B /* Exceptions for "Shared (Extension)" folder in "SummarizeIt (macOS)" target */,
				CA6A99EF2E415318007D7A87 /* Exceptions for "Shared (Extension)" folder in "SummarizeIt Extension (iOS)" target */,
				CA6A99F02E415318007D7A87 /* Exceptions for "Shared (Extension)" folder in "SummarizeIt Extension (macOS)" target */,
			);
			explicitFolders = (
				Resources/_locales,
				Resources/images,
			);
			path = "Shared (Extension)";
			sourceTree = "<group>";
		};
		CA6A99932E415318007D7A87 /* iOS (App) */ = {
			isa = PBXFileSystemSynchronizedRootGroup;
			exceptions = (
				CA6A99E52E415318007D7A87 /* Exceptions for "iOS (App)" folder in "SummarizeIt (iOS)" target */,
			);
			path = "iOS (App)";
			sourceTree = "<group>";
		};
		CA6A99A42E415318007D7A87 /* macOS (App) */ = {
			isa = PBXFileSystemSynchronizedRootGroup;
			path = "macOS (App)";
			sourceTree = "<group>";
		};
		CA6A99B22E415318007D7A87 /* iOS (Extension) */ = {
			isa = PBXFileSystemSynchronizedRootGroup;
			exceptions = (
				CA6A99E02E415318007D7A87 /* Exceptions for "iOS (Extension)" folder in "SummarizeIt Extension (iOS)" target */,
			);
			path = "iOS (Extension)";
			sourceTree = "<group>";
		};
		CA6A99BC2E415318007D7A87 /* macOS (Extension) */ = {
			isa = PBXFileSystemSynchronizedRootGroup;
			exceptions = (
				CA6A99EA2E415318007D7A87 /* Exceptions for "macOS (Extension)" folder in "SummarizeIt Extension (macOS)" target */,
			);
			path = "macOS (Extension)";
			sourceTree = "<group>";
		};
/* End PBXFileSystemSynchronizedRootGroup section */

/* Begin PBXFrameworksBuildPhase section */
		CA6A998E2E415318007D7A87 /* Frameworks */ = {
			isa = PBXFrameworksBuildPhase;
			files = (
			);
		};
		CA6A99A02E415318007D7A87 /* Frameworks */ = {
			isa = PBXFrameworksBuildPhase;
			files = (
			);
		};
		CA6A99AB2E415318007D7A87 /* Frameworks */ = {
			isa = PBXFrameworksBuildPhase;
			files = (
			);
		};
		CA6A99B52E415318007D7A87 /* Frameworks */ = {
			isa = PBXFrameworksBuildPhase;
			files = (
			);
		};
/* End PBXFrameworksBuildPhase section */

/* Begin PBXGroup section */
		CA6A99742E415317007D7A87 = {
			isa = PBXGroup;
			children = (
				CA6A99F62E4158DC007D7A87 /* SummarizeIt Extension (macOS).entitlements */,
				CA6A99F52E4158D0007D7A87 /* SummarizeIt Extension (iOS).entitlements */,
				CA6A99F42E4158C0007D7A87 /* SummarizeIt (macOS).entitlements */,
				CA6A99F32E415883007D7A87 /* SummarizeIt (iOS).entitlements */,
				CA6A99792E415317007D7A87 /* Shared (App) */,
				CA6A99822E415318007D7A87 /* Shared (Extension) */,
				CA6A99932E415318007D7A87 /* iOS (App) */,
				CA6A99A42E415318007D7A87 /* macOS (App) */,
				CA6A99B22E415318007D7A87 /* iOS (Extension) */,
				CA6A99BC2E415318007D7A87 /* macOS (Extension) */,
				CA6A99922E415318007D7A87 /* Products */,
			);
			sourceTree = "<group>";
		};
		CA6A99922E415318007D7A87 /* Products */ = {
			isa = PBXGroup;
			children = (
				CA6A99912E415318007D7A87 /* SummarizeIt.app */,
				CA6A99A32E415318007D7A87 /* SummarizeIt.app */,
				CA6A99AE2E415318007D7A87 /* SummarizeIt Extension.appex */,
				CA6A99B82E415318007D7A87 /* SummarizeIt Extension.appex */,
			);
			name = Products;
			sourceTree = "<group>";
		};
/* End PBXGroup section */

/* Begin PBXNativeTarget section */
		CA6A99902E415318007D7A87 /* SummarizeIt (iOS) */ = {
			isa = PBXNativeTarget;
			buildConfigurationList = CA6A99E22E415318007D7A87 /* Build configuration list for PBXNativeTarget "SummarizeIt (iOS)" */;
			buildPhases = (
				CA6A998D2E415318007D7A87 /* Sources */,
				CA6A998E2E415318007D7A87 /* Frameworks */,
				CA6A998F2E415318007D7A87 /* Resources */,
				CA6A99E12E415318007D7A87 /* Embed Foundation Extensions */,
			);
			buildRules = (
			);
			dependencies = (
				CA6A99B12E415318007D7A87 /* PBXTargetDependency */,
			);
			fileSystemSynchronizedGroups = (
				CA6A99932E415318007D7A87 /* iOS (App) */,
			);
			name = "SummarizeIt (iOS)";
			productName = "SummarizeIt (iOS)";
			productReference = CA6A99912E415318007D7A87 /* SummarizeIt.app */;
			productType = "com.apple.product-type.application";
		};
		CA6A99A22E415318007D7A87 /* SummarizeIt (macOS) */ = {
			isa = PBXNativeTarget;
			buildConfigurationList = CA6A99EC2E415318007D7A87 /* Build configuration list for PBXNativeTarget "SummarizeIt (macOS)" */;
			buildPhases = (
				CA6A999F2E415318007D7A87 /* Sources */,
				CA6A99A02E415318007D7A87 /* Frameworks */,
				CA6A99A12E415318007D7A87 /* Resources */,
				CA762B682E67AA36008676B3 /* Embed Foundation Extensions */,
			);
			buildRules = (
			);
			dependencies = (
				CA762B672E67AA36008676B3 /* PBXTargetDependency */,
			);
			fileSystemSynchronizedGroups = (
				CA6A99A42E415318007D7A87 /* macOS (App) */,
			);
			name = "SummarizeIt (macOS)";
			productName = "SummarizeIt (macOS)";
			productReference = CA6A99A32E415318007D7A87 /* SummarizeIt.app */;
			productType = "com.apple.product-type.application";
		};
		CA6A99AD2E415318007D7A87 /* SummarizeIt Extension (iOS) */ = {
			isa = PBXNativeTarget;
			buildConfigurationList = CA6A99DD2E415318007D7A87 /* Build configuration list for PBXNativeTarget "SummarizeIt Extension (iOS)" */;
			buildPhases = (
				CA6A99AA2E415318007D7A87 /* Sources */,
				CA6A99AB2E415318007D7A87 /* Frameworks */,
				CA6A99AC2E415318007D7A87 /* Resources */,
			);
			buildRules = (
			);
			fileSystemSynchronizedGroups = (
				CA6A99B22E415318007D7A87 /* iOS (Extension) */,
			);
			name = "SummarizeIt Extension (iOS)";
			productName = "SummarizeIt Extension (iOS)";
			productReference = CA6A99AE2E415318007D7A87 /* SummarizeIt Extension.appex */;
			productType = "com.apple.product-type.app-extension";
		};
		CA6A99B72E415318007D7A87 /* SummarizeIt Extension (macOS) */ = {
			isa = PBXNativeTarget;
			buildConfigurationList = CA6A99E72E415318007D7A87 /* Build configuration list for PBXNativeTarget "SummarizeIt Extension (macOS)" */;
			buildPhases = (
				CA6A99B42E415318007D7A87 /* Sources */,
				CA6A99B52E415318007D7A87 /* Frameworks */,
				CA6A99B62E415318007D7A87 /* Resources */,
			);
			buildRules = (
			);
			fileSystemSynchronizedGroups = (
				CA6A99BC2E415318007D7A87 /* macOS (Extension) */,
			);
			name = "SummarizeIt Extension (macOS)";
			productName = "SummarizeIt Extension (macOS)";
			productReference = CA6A99B82E415318007D7A87 /* SummarizeIt Extension.appex */;
			productType = "com.apple.product-type.app-extension";
		};
/* End PBXNativeTarget section */

/* Begin PBXProject section */
		CA6A99752E415317007D7A87 /* Project object */ = {
			isa = PBXProject;
			attributes = {
				BuildIndependentTargetsInParallel = 1;
				LastSwiftUpdateCheck = 2600;
				LastUpgradeCheck = 2600;
				TargetAttributes = {
					CA6A99902E415318007D7A87 = {
						CreatedOnToolsVersion = 26.0;
					};
					CA6A99A22E415318007D7A87 = {
						CreatedOnToolsVersion = 26.0;
					};
					CA6A99AD2E415318007D7A87 = {
						CreatedOnToolsVersion = 26.0;
					};
					CA6A99B72E415318007D7A87 = {
						CreatedOnToolsVersion = 26.0;
					};
				};
			};
			buildConfigurationList = CA6A99782E415317007D7A87 /* Build configuration list for PBXProject "SummarizeIt" */;
			developmentRegion = en;
			hasScannedForEncodings = 0;
			knownRegions = (
				en,
				Base,
			);
			mainGroup = CA6A99742E415317007D7A87;
			minimizedProjectReferenceProxies = 1;
			preferredProjectObjectVersion = 90;
			productRefGroup = CA6A99922E415318007D7A87 /* Products */;
			projectDirPath = "";
			projectRoot = "";
			targets = (
				CA6A99902E415318007D7A87 /* SummarizeIt (iOS) */,
				CA6A99A22E415318007D7A87 /* SummarizeIt (macOS) */,
				CA6A99AD2E415318007D7A87 /* SummarizeIt Extension (iOS) */,
				CA6A99B72E415318007D7A87 /* SummarizeIt Extension (macOS) */,
			);
		};
/* End PBXProject section */

/* Begin PBXResourcesBuildPhase section */
		CA6A998F2E415318007D7A87 /* Resources */ = {
			isa = PBXResourcesBuildPhase;
			files = (
			);
		};
		CA6A99A12E415318007D7A87 /* Resources */ = {
			isa = PBXResourcesBuildPhase;
			files = (
			);
		};
		CA6A99AC2E415318007D7A87 /* Resources */ = {
			isa = PBXResourcesBuildPhase;
			files = (
			);
		};
		CA6A99B62E415318007D7A87 /* Resources */ = {
			isa = PBXResourcesBuildPhase;
			files = (
			);
		};
/* End PBXResourcesBuildPhase section */

/* Begin PBXSourcesBuildPhase section */
		CA6A998D2E415318007D7A87 /* Sources */ = {
			isa = PBXSourcesBuildPhase;
			files = (
			);
		};
		CA6A999F2E415318007D7A87 /* Sources */ = {
			isa = PBXSourcesBuildPhase;
			files = (
			);
		};
		CA6A99AA2E415318007D7A87 /* Sources */ = {
			isa = PBXSourcesBuildPhase;
			files = (
			);
		};
		CA6A99B42E415318007D7A87 /* Sources */ = {
			isa = PBXSourcesBuildPhase;
			files = (
			);
		};
/* End PBXSourcesBuildPhase section */

/* Begin PBXTargetDependency section */
		CA6A99B12E415318007D7A87 /* PBXTargetDependency */ = {
			isa = PBXTargetDependency;
			target = CA6A99AD2E415318007D7A87 /* SummarizeIt Extension (iOS) */;
			targetProxy = CA6A99B02E415318007D7A87 /* PBXContainerItemProxy */;
		};
		CA762B672E67AA36008676B3 /* PBXTargetDependency */ = {
			isa = PBXTargetDependency;
			target = CA6A99B72E415318007D7A87 /* SummarizeIt Extension (macOS) */;
			targetProxy = CA762B662E67AA36008676B3 /* PBXContainerItemProxy */;
		};
/* End PBXTargetDependency section */

/* Begin XCBuildConfiguration section */
		CA6A99DE2E415318007D7A87 /* Debug configuration for PBXNativeTarget "SummarizeIt Extension (iOS)" */ = {
			isa = XCBuildConfiguration;
			buildSettings = {
				CODE_SIGN_ENTITLEMENTS = "SummarizeIt Extension (iOS).entitlements";
				CODE_SIGN_IDENTITY = "Apple Development";
				CODE_SIGN_STYLE = Automatic;
				CURRENT_PROJECT_VERSION = 1;
				DEVELOPMENT_TEAM = 257E6339EA;
				GENERATE_INFOPLIST_FILE = YES;
				INFOPLIST_FILE = "iOS (Extension)/Info.plist";
				INFOPLIST_KEY_CFBundleDisplayName = "SummarizeIt Extension";
				INFOPLIST_KEY_NSHumanReadableCopyright = "";
				IPHONEOS_DEPLOYMENT_TARGET = 26.0;
				LD_RUNPATH_SEARCH_PATHS = (
					"$(inherited)",
					"@executable_path/Frameworks",
					"@executable_path/../../Frameworks",
				);
				MARKETING_VERSION = 1.0.1;
				OTHER_LDFLAGS = (
					"-framework",
					SafariServices,
				);
				PRODUCT_BUNDLE_IDENTIFIER = com.summarizeit.SummarizeIt.Extension;
				PRODUCT_NAME = "SummarizeIt Extension";
				PROVISIONING_PROFILE_SPECIFIER = "";
				SDKROOT = iphoneos;
				SKIP_INSTALL = YES;
				STRING_CATALOG_GENERATE_SYMBOLS = YES;
				SUPPORTED_PLATFORMS = "iphoneos iphonesimulator";
				SUPPORTS_MACCATALYST = NO;
				SUPPORTS_MAC_DESIGNED_FOR_IPHONE_IPAD = NO;
				SUPPORTS_XR_DESIGNED_FOR_IPHONE_IPAD = NO;
				SWIFT_APPROACHABLE_CONCURRENCY = YES;
				SWIFT_EMIT_LOC_STRINGS = YES;
				SWIFT_UPCOMING_FEATURE_MEMBER_IMPORT_VISIBILITY = YES;
				SWIFT_VERSION = 5.0;
				TARGETED_DEVICE_FAMILY = "1,2";
			};
			name = Debug;
		};
		CA6A99DF2E415318007D7A87 /* Release configuration for PBXNativeTarget "SummarizeIt Extension (iOS)" */ = {
			isa = XCBuildConfiguration;
			buildSettings = {
				CODE_SIGN_ENTITLEMENTS = "SummarizeIt Extension (iOS).entitlements";
				CODE_SIGN_IDENTITY = "Apple Development";
				CODE_SIGN_STYLE = Automatic;
				CURRENT_PROJECT_VERSION = 1;
				DEVELOPMENT_TEAM = 257E6339EA;
				GENERATE_INFOPLIST_FILE = YES;
				INFOPLIST_FILE = "iOS (Extension)/Info.plist";
				INFOPLIST_KEY_CFBundleDisplayName = "SummarizeIt Extension";
				INFOPLIST_KEY_NSHumanReadableCopyright = "";
				IPHONEOS_DEPLOYMENT_TARGET = 26.0;
				LD_RUNPATH_SEARCH_PATHS = (
					"$(inherited)",
					"@executable_path/Frameworks",
					"@executable_path/../../Frameworks",
				);
				MARKETING_VERSION = 1.0.1;
				OTHER_LDFLAGS = (
					"-framework",
					SafariServices,
				);
				PRODUCT_BUNDLE_IDENTIFIER = com.summarizeit.SummarizeIt.Extension;
				PRODUCT_NAME = "SummarizeIt Extension";
				PROVISIONING_PROFILE_SPECIFIER = "";
				SDKROOT = iphoneos;
				SKIP_INSTALL = YES;
				STRING_CATALOG_GENERATE_SYMBOLS = YES;
				SUPPORTED_PLATFORMS = "iphoneos iphonesimulator";
				SUPPORTS_MACCATALYST = NO;
				SUPPORTS_MAC_DESIGNED_FOR_IPHONE_IPAD = NO;
				SUPPORTS_XR_DESIGNED_FOR_IPHONE_IPAD = NO;
				SWIFT_APPROACHABLE_CONCURRENCY = YES;
				SWIFT_EMIT_LOC_STRINGS = YES;
				SWIFT_UPCOMING_FEATURE_MEMBER_IMPORT_VISIBILITY = YES;
				SWIFT_VERSION = 5.0;
				TARGETED_DEVICE_FAMILY = "1,2";
				VALIDATE_PRODUCT = YES;
			};
			name = Release;
		};
		CA6A99E32E415318007D7A87 /* Debug configuration for PBXNativeTarget "SummarizeIt (iOS)" */ = {
			isa = XCBuildConfiguration;
			buildSettings = {
				ASSETCATALOG_COMPILER_APPICON_NAME = AppIcon;
				ASSETCATALOG_COMPILER_GLOBAL_ACCENT_COLOR_NAME = AccentColor;
				CODE_SIGN_ENTITLEMENTS = "SummarizeIt (iOS).entitlements";
				CODE_SIGN_STYLE = Automatic;
				CURRENT_PROJECT_VERSION = 1;
				DEVELOPMENT_TEAM = 257E6339EA;
				GENERATE_INFOPLIST_FILE = YES;
				INFOPLIST_FILE = "iOS (App)/Info.plist";
				INFOPLIST_KEY_CFBundleDisplayName = SummarizeIt;
				INFOPLIST_KEY_LSApplicationCategoryType = "public.app-category.productivity";
				INFOPLIST_KEY_UIApplicationSupportsIndirectInputEvents = YES;
				INFOPLIST_KEY_UILaunchStoryboardName = LaunchScreen;
				INFOPLIST_KEY_UIMainStoryboardFile = Main;
				INFOPLIST_KEY_UISupportedInterfaceOrientations = "UIInterfaceOrientationPortrait UIInterfaceOrientationLandscapeLeft UIInterfaceOrientationLandscapeRight";
				INFOPLIST_KEY_UISupportedInterfaceOrientations_iPad = "UIInterfaceOrientationPortrait UIInterfaceOrientationPortraitUpsideDown UIInterfaceOrientationLandscapeLeft UIInterfaceOrientationLandscapeRight";
				IPHONEOS_DEPLOYMENT_TARGET = 26.0;
				LD_RUNPATH_SEARCH_PATHS = (
					"$(inherited)",
					"@executable_path/Frameworks",
				);
				MARKETING_VERSION = 1.0.1;
				OTHER_LDFLAGS = (
					"-framework",
					SafariServices,
					"-framework",
					WebKit,
				);
				PRODUCT_BUNDLE_IDENTIFIER = com.summarizeit.SummarizeIt;
				PRODUCT_NAME = SummarizeIt;
				SDKROOT = iphoneos;
				STRING_CATALOG_GENERATE_SYMBOLS = YES;
				SUPPORTED_PLATFORMS = "iphoneos iphonesimulator";
				SUPPORTS_MACCATALYST = NO;
				SUPPORTS_MAC_DESIGNED_FOR_IPHONE_IPAD = NO;
				SUPPORTS_XR_DESIGNED_FOR_IPHONE_IPAD = NO;
				SWIFT_APPROACHABLE_CONCURRENCY = YES;
				SWIFT_DEFAULT_ACTOR_ISOLATION = MainActor;
				SWIFT_EMIT_LOC_STRINGS = YES;
				SWIFT_UPCOMING_FEATURE_MEMBER_IMPORT_VISIBILITY = YES;
				SWIFT_VERSION = 5.0;
				TARGETED_DEVICE_FAMILY = "1,2";
			};
			name = Debug;
		};
		CA6A99E42E415318007D7A87 /* Release configuration for PBXNativeTarget "SummarizeIt (iOS)" */ = {
			isa = XCBuildConfiguration;
			buildSettings = {
				ASSETCATALOG_COMPILER_APPICON_NAME = AppIcon;
				ASSETCATALOG_COMPILER_GLOBAL_ACCENT_COLOR_NAME = AccentColor;
				CODE_SIGN_ENTITLEMENTS = "SummarizeIt (iOS).entitlements";
				CODE_SIGN_STYLE = Automatic;
				CURRENT_PROJECT_VERSION = 1;
				DEVELOPMENT_TEAM = 257E6339EA;
				GENERATE_INFOPLIST_FILE = YES;
				INFOPLIST_FILE = "iOS (App)/Info.plist";
				INFOPLIST_KEY_CFBundleDisplayName = SummarizeIt;
				INFOPLIST_KEY_LSApplicationCategoryType = "public.app-category.productivity";
				INFOPLIST_KEY_UIApplicationSupportsIndirectInputEvents = YES;
				INFOPLIST_KEY_UILaunchStoryboardName = LaunchScreen;
				INFOPLIST_KEY_UIMainStoryboardFile = Main;
				INFOPLIST_KEY_UISupportedInterfaceOrientations = "UIInterfaceOrientationPortrait UIInterfaceOrientationLandscapeLeft UIInterfaceOrientationLandscapeRight";
				INFOPLIST_KEY_UISupportedInterfaceOrientations_iPad = "UIInterfaceOrientationPortrait UIInterfaceOrientationPortraitUpsideDown UIInterfaceOrientationLandscapeLeft UIInterfaceOrientationLandscapeRight";
				IPHONEOS_DEPLOYMENT_TARGET = 26.0;
				LD_RUNPATH_SEARCH_PATHS = (
					"$(inherited)",
					"@executable_path/Frameworks",
				);
				MARKETING_VERSION = 1.0.1;
				OTHER_LDFLAGS = (
					"-framework",
					SafariServices,
					"-framework",
					WebKit,
				);
				PRODUCT_BUNDLE_IDENTIFIER = com.summarizeit.SummarizeIt;
				PRODUCT_NAME = SummarizeIt;
				SDKROOT = iphoneos;
				STRING_CATALOG_GENERATE_SYMBOLS = YES;
				SUPPORTED_PLATFORMS = "iphoneos iphonesimulator";
				SUPPORTS_MACCATALYST = NO;
				SUPPORTS_MAC_DESIGNED_FOR_IPHONE_IPAD = NO;
				SUPPORTS_XR_DESIGNED_FOR_IPHONE_IPAD = NO;
				SWIFT_APPROACHABLE_CONCURRENCY = YES;
				SWIFT_DEFAULT_ACTOR_ISOLATION = MainActor;
				SWIFT_EMIT_LOC_STRINGS = YES;
				SWIFT_UPCOMING_FEATURE_MEMBER_IMPORT_VISIBILITY = YES;
				SWIFT_VERSION = 5.0;
				TARGETED_DEVICE_FAMILY = "1,2";
				VALIDATE_PRODUCT = YES;
			};
			name = Release;
		};
		CA6A99E82E415318007D7A87 /* Debug configuration for PBXNativeTarget "SummarizeIt Extension (macOS)" */ = {
			isa = XCBuildConfiguration;
			buildSettings = {
				CODE_SIGN_ENTITLEMENTS = "SummarizeIt Extension (macOS).entitlements";
				CODE_SIGN_IDENTITY = "Apple Development";
				CODE_SIGN_STYLE = Automatic;
				CURRENT_PROJECT_VERSION = 1;
				DEVELOPMENT_TEAM = 257E6339EA;
				ENABLE_APP_SANDBOX = YES;
				ENABLE_HARDENED_RUNTIME = YES;
				ENABLE_INCOMING_NETWORK_CONNECTIONS = NO;
				ENABLE_OUTGOING_NETWORK_CONNECTIONS = YES;
				ENABLE_RESOURCE_ACCESS_AUDIO_INPUT = NO;
				ENABLE_RESOURCE_ACCESS_BLUETOOTH = NO;
				ENABLE_RESOURCE_ACCESS_CALENDARS = NO;
				ENABLE_RESOURCE_ACCESS_CAMERA = NO;
				ENABLE_RESOURCE_ACCESS_CONTACTS = NO;
				ENABLE_RESOURCE_ACCESS_LOCATION = NO;
				ENABLE_RESOURCE_ACCESS_PRINTING = NO;
				ENABLE_RESOURCE_ACCESS_USB = NO;
				ENABLE_USER_SELECTED_FILES = readonly;
				GENERATE_INFOPLIST_FILE = YES;
				INFOPLIST_FILE = "macOS (Extension)/Info.plist";
				INFOPLIST_KEY_CFBundleDisplayName = "SummarizeIt Extension";
				INFOPLIST_KEY_NSHumanReadableCopyright = "";
				LD_RUNPATH_SEARCH_PATHS = (
					"$(inherited)",
					"@executable_path/../Frameworks",
					"@executable_path/../../../../Frameworks",
				);
				MACOSX_DEPLOYMENT_TARGET = 26.0;
				MARKETING_VERSION = 1.0.1;
				OTHER_LDFLAGS = (
					"-framework",
					SafariServices,
				);
				PRODUCT_BUNDLE_IDENTIFIER = com.summarizeit.SummarizeIt.Extension;
				PRODUCT_NAME = "SummarizeIt Extension";
				PROVISIONING_PROFILE_SPECIFIER = "";
				REGISTER_APP_GROUPS = YES;
				SDKROOT = macosx;
				SKIP_INSTALL = YES;
				STRING_CATALOG_GENERATE_SYMBOLS = YES;
				SWIFT_APPROACHABLE_CONCURRENCY = YES;
				SWIFT_EMIT_LOC_STRINGS = YES;
				SWIFT_UPCOMING_FEATURE_MEMBER_IMPORT_VISIBILITY = YES;
				SWIFT_VERSION = 5.0;
			};
			name = Debug;
		};
		CA6A99E92E415318007D7A87 /* Release configuration for PBXNativeTarget "SummarizeIt Extension (macOS)" */ = {
			isa = XCBuildConfiguration;
			buildSettings = {
				CODE_SIGN_ENTITLEMENTS = "SummarizeIt Extension (macOS).entitlements";
				CODE_SIGN_IDENTITY = "Apple Development";
				CODE_SIGN_STYLE = Automatic;
				CURRENT_PROJECT_VERSION = 1;
				DEVELOPMENT_TEAM = 257E6339EA;
				ENABLE_APP_SANDBOX = YES;
				ENABLE_HARDENED_RUNTIME = YES;
				ENABLE_INCOMING_NETWORK_CONNECTIONS = NO;
				ENABLE_OUTGOING_NETWORK_CONNECTIONS = YES;
				ENABLE_RESOURCE_ACCESS_AUDIO_INPUT = NO;
				ENABLE_RESOURCE_ACCESS_BLUETOOTH = NO;
				ENABLE_RESOURCE_ACCESS_CALENDARS = NO;
				ENABLE_RESOURCE_ACCESS_CAMERA = NO;
				ENABLE_RESOURCE_ACCESS_CONTACTS = NO;
				ENABLE_RESOURCE_ACCESS_LOCATION = NO;
				ENABLE_RESOURCE_ACCESS_PRINTING = NO;
				ENABLE_RESOURCE_ACCESS_USB = NO;
				ENABLE_USER_SELECTED_FILES = readonly;
				GENERATE_INFOPLIST_FILE = YES;
				INFOPLIST_FILE = "macOS (Extension)/Info.plist";
				INFOPLIST_KEY_CFBundleDisplayName = "SummarizeIt Extension";
				INFOPLIST_KEY_NSHumanReadableCopyright = "";
				LD_RUNPATH_SEARCH_PATHS = (
					"$(inherited)",
					"@executable_path/../Frameworks",
					"@executable_path/../../../../Frameworks",
				);
				MACOSX_DEPLOYMENT_TARGET = 26.0;
				MARKETING_VERSION = 1.0.1;
				OTHER_LDFLAGS = (
					"-framework",
					SafariServices,
				);
				PRODUCT_BUNDLE_IDENTIFIER = com.summarizeit.SummarizeIt.Extension;
				PRODUCT_NAME = "SummarizeIt Extension";
				PROVISIONING_PROFILE_SPECIFIER = "";
				REGISTER_APP_GROUPS = YES;
				SDKROOT = macosx;
				SKIP_INSTALL = YES;
				STRING_CATALOG_GENERATE_SYMBOLS = YES;
				SWIFT_APPROACHABLE_CONCURRENCY = YES;
				SWIFT_EMIT_LOC_STRINGS = YES;
				SWIFT_UPCOMING_FEATURE_MEMBER_IMPORT_VISIBILITY = YES;
				SWIFT_VERSION = 5.0;
			};
			name = Release;
		};
		CA6A99ED2E415318007D7A87 /* Debug configuration for PBXNativeTarget "SummarizeIt (macOS)" */ = {
			isa = XCBuildConfiguration;
			buildSettings = {
				ASSETCATALOG_COMPILER_APPICON_NAME = MacAppIcon;
				ASSETCATALOG_COMPILER_GLOBAL_ACCENT_COLOR_NAME = AccentColor;
				ASSETCATALOG_COMPILER_INCLUDE_ALL_APPICON_ASSETS = NO;
				CODE_SIGN_ENTITLEMENTS = "SummarizeIt (macOS).entitlements";
				CODE_SIGN_IDENTITY = "Apple Development";
				CODE_SIGN_STYLE = Automatic;
				CURRENT_PROJECT_VERSION = 1;
				DEVELOPMENT_TEAM = 257E6339EA;
				ENABLE_APP_SANDBOX = YES;
				ENABLE_HARDENED_RUNTIME = YES;
				ENABLE_OUTGOING_NETWORK_CONNECTIONS = YES;
				ENABLE_USER_SELECTED_FILES = readonly;
				GENERATE_INFOPLIST_FILE = YES;
				INFOPLIST_KEY_CFBundleDisplayName = SummarizeIt;
				INFOPLIST_KEY_LSApplicationCategoryType = "public.app-category.productivity";
				INFOPLIST_KEY_NSMainStoryboardFile = Main;
				INFOPLIST_KEY_NSPrincipalClass = NSApplication;
				LD_RUNPATH_SEARCH_PATHS = (
					"$(inherited)",
					"@executable_path/../Frameworks",
				);
				MACOSX_DEPLOYMENT_TARGET = 26.0;
				MARKETING_VERSION = 1.0.1;
				OTHER_LDFLAGS = (
					"-framework",
					SafariServices,
					"-framework",
					WebKit,
				);
				PRODUCT_BUNDLE_IDENTIFIER = com.summarizeit.SummarizeIt;
				PRODUCT_NAME = SummarizeIt;
				PROVISIONING_PROFILE_SPECIFIER = "";
				REGISTER_APP_GROUPS = YES;
				SDKROOT = macosx;
				STRING_CATALOG_GENERATE_SYMBOLS = YES;
				SUPPORTED_PLATFORMS = macosx;
				SUPPORTS_MACCATALYST = NO;
				SWIFT_APPROACHABLE_CONCURRENCY = YES;
				SWIFT_DEFAULT_ACTOR_ISOLATION = MainActor;
				SWIFT_EMIT_LOC_STRINGS = YES;
				SWIFT_UPCOMING_FEATURE_MEMBER_IMPORT_VISIBILITY = YES;
				SWIFT_VERSION = 5.0;
			};
			name = Debug;
		};
		CA6A99EE2E415318007D7A87 /* Release configuration for PBXNativeTarget "SummarizeIt (macOS)" */ = {
			isa = XCBuildConfiguration;
			buildSettings = {
				ASSETCATALOG_COMPILER_APPICON_NAME = MacAppIcon;
				ASSETCATALOG_COMPILER_GLOBAL_ACCENT_COLOR_NAME = AccentColor;
				ASSETCATALOG_COMPILER_INCLUDE_ALL_APPICON_ASSETS = NO;
				CODE_SIGN_ENTITLEMENTS = "SummarizeIt (macOS).entitlements";
				CODE_SIGN_IDENTITY = "Apple Development";
				CODE_SIGN_STYLE = Automatic;
				CURRENT_PROJECT_VERSION = 1;
				DEVELOPMENT_TEAM = 257E6339EA;
				ENABLE_APP_SANDBOX = YES;
				ENABLE_HARDENED_RUNTIME = YES;
				ENABLE_OUTGOING_NETWORK_CONNECTIONS = YES;
				ENABLE_USER_SELECTED_FILES = readonly;
				GENERATE_INFOPLIST_FILE = YES;
				INFOPLIST_KEY_CFBundleDisplayName = SummarizeIt;
				INFOPLIST_KEY_LSApplicationCategoryType = "public.app-category.productivity";
				INFOPLIST_KEY_NSMainStoryboardFile = Main;
				INFOPLIST_KEY_NSPrincipalClass = NSApplication;
				LD_RUNPATH_SEARCH_PATHS = (
					"$(inherited)",
					"@executable_path/../Frameworks",
				);
				MACOSX_DEPLOYMENT_TARGET = 26.0;
				MARKETING_VERSION = 1.0.1;
				OTHER_LDFLAGS = (
					"-framework",
					SafariServices,
					"-framework",
					WebKit,
				);
				PRODUCT_BUNDLE_IDENTIFIER = com.summarizeit.SummarizeIt;
				PRODUCT_NAME = SummarizeIt;
				PROVISIONING_PROFILE_SPECIFIER = "";
				REGISTER_APP_GROUPS = YES;
				SDKROOT = macosx;
				STRING_CATALOG_GENERATE_SYMBOLS = YES;
				SUPPORTED_PLATFORMS = macosx;
				SUPPORTS_MACCATALYST = NO;
				SWIFT_APPROACHABLE_CONCURRENCY = YES;
				SWIFT_DEFAULT_ACTOR_ISOLATION = MainActor;
				SWIFT_EMIT_LOC_STRINGS = YES;
				SWIFT_UPCOMING_FEATURE_MEMBER_IMPORT_VISIBILITY = YES;
				SWIFT_VERSION = 5.0;
			};
			name = Release;
		};
		CA6A99F12E415318007D7A87 /* Debug configuration for PBXProject "SummarizeIt" */ = {
			isa = XCBuildConfiguration;
			buildSettings = {
				ALWAYS_SEARCH_USER_PATHS = NO;
				ASSETCATALOG_COMPILER_GENERATE_SWIFT_ASSET_SYMBOL_EXTENSIONS = YES;
				CLANG_ANALYZER_NONNULL = YES;
				CLANG_ANALYZER_NUMBER_OBJECT_CONVERSION = YES_AGGRESSIVE;
				CLANG_CXX_LANGUAGE_STANDARD = "gnu++20";
				CLANG_ENABLE_MODULES = YES;
				CLANG_ENABLE_OBJC_ARC = YES;
				CLANG_ENABLE_OBJC_WEAK = YES;
				CLANG_WARN_BLOCK_CAPTURE_AUTORELEASING = YES;
				CLANG_WARN_BOOL_CONVERSION = YES;
				CLANG_WARN_COMMA = YES;
				CLANG_WARN_CONSTANT_CONVERSION = YES;
				CLANG_WARN_DEPRECATED_OBJC_IMPLEMENTATIONS = YES;
				CLANG_WARN_DIRECT_OBJC_ISA_USAGE = YES_ERROR;
				CLANG_WARN_DOCUMENTATION_COMMENTS = YES;
				CLANG_WARN_EMPTY_BODY = YES;
				CLANG_WARN_ENUM_CONVERSION = YES;
				CLANG_WARN_INFINITE_RECURSION = YES;
				CLANG_WARN_INT_CONVERSION = YES;
				CLANG_WARN_NON_LITERAL_NULL_CONVERSION = YES;
				CLANG_WARN_OBJC_IMPLICIT_RETAIN_SELF = YES;
				CLANG_WARN_OBJC_LITERAL_CONVERSION = YES;
				CLANG_WARN_OBJC_ROOT_CLASS = YES_ERROR;
				CLANG_WARN_QUOTED_INCLUDE_IN_FRAMEWORK_HEADER = YES;
				CLANG_WARN_RANGE_LOOP_ANALYSIS = YES;
				CLANG_WARN_STRICT_PROTOTYPES = YES;
				CLANG_WARN_SUSPICIOUS_MOVE = YES;
				CLANG_WARN_UNGUARDED_AVAILABILITY = YES_AGGRESSIVE;
				CLANG_WARN_UNREACHABLE_CODE = YES;
				CLANG_WARN__DUPLICATE_METHOD_MATCH = YES;
				COPY_PHASE_STRIP = NO;
				DEBUG_INFORMATION_FORMAT = dwarf;
				DEVELOPMENT_TEAM = 257E6339EA;
				ENABLE_STRICT_OBJC_MSGSEND = YES;
				ENABLE_TESTABILITY = NO;
				ENABLE_USER_SCRIPT_SANDBOXING = YES;
				GCC_C_LANGUAGE_STANDARD = gnu17;
				GCC_DYNAMIC_NO_PIC = NO;
				GCC_NO_COMMON_BLOCKS = YES;
				GCC_OPTIMIZATION_LEVEL = 0;
				GCC_PREPROCESSOR_DEFINITIONS = (
					"DEBUG=1",
					"$(inherited)",
				);
				GCC_WARN_64_TO_32_BIT_CONVERSION = YES;
				GCC_WARN_ABOUT_RETURN_TYPE = YES_ERROR;
				GCC_WARN_UNDECLARED_SELECTOR = YES;
				GCC_WARN_UNINITIALIZED_AUTOS = YES_AGGRESSIVE;
				GCC_WARN_UNUSED_FUNCTION = YES;
				GCC_WARN_UNUSED_VARIABLE = YES;
				LOCALIZATION_PREFERS_STRING_CATALOGS = YES;
				MTL_ENABLE_DEBUG_INFO = INCLUDE_SOURCE;
				MTL_FAST_MATH = YES;
				ONLY_ACTIVE_ARCH = YES;
				SWIFT_ACTIVE_COMPILATION_CONDITIONS = "DEBUG $(inherited)";
				SWIFT_OPTIMIZATION_LEVEL = "-Onone";
			};
			name = Debug;
		};
		CA6A99F22E415318007D7A87 /* Release configuration for PBXProject "SummarizeIt" */ = {
			isa = XCBuildConfiguration;
			buildSettings = {
				ALWAYS_SEARCH_USER_PATHS = NO;
				ASSETCATALOG_COMPILER_GENERATE_SWIFT_ASSET_SYMBOL_EXTENSIONS = YES;
				CLANG_ANALYZER_NONNULL = YES;
				CLANG_ANALYZER_NUMBER_OBJECT_CONVERSION = YES_AGGRESSIVE;
				CLANG_CXX_LANGUAGE_STANDARD = "gnu++20";
				CLANG_ENABLE_MODULES = YES;
				CLANG_ENABLE_OBJC_ARC = YES;
				CLANG_ENABLE_OBJC_WEAK = YES;
				CLANG_WARN_BLOCK_CAPTURE_AUTORELEASING = YES;
				CLANG_WARN_BOOL_CONVERSION = YES;
				CLANG_WARN_COMMA = YES;
				CLANG_WARN_CONSTANT_CONVERSION = YES;
				CLANG_WARN_DEPRECATED_OBJC_IMPLEMENTATIONS = YES;
				CLANG_WARN_DIRECT_OBJC_ISA_USAGE = YES_ERROR;
				CLANG_WARN_DOCUMENTATION_COMMENTS = YES;
				CLANG_WARN_EMPTY_BODY = YES;
				CLANG_WARN_ENUM_CONVERSION = YES;
				CLANG_WARN_INFINITE_RECURSION = YES;
				CLANG_WARN_INT_CONVERSION = YES;
				CLANG_WARN_NON_LITERAL_NULL_CONVERSION = YES;
				CLANG_WARN_OBJC_IMPLICIT_RETAIN_SELF = YES;
				CLANG_WARN_OBJC_LITERAL_CONVERSION = YES;
				CLANG_WARN_OBJC_ROOT_CLASS = YES_ERROR;
				CLANG_WARN_QUOTED_INCLUDE_IN_FRAMEWORK_HEADER = YES;
				CLANG_WARN_RANGE_LOOP_ANALYSIS = YES;
				CLANG_WARN_STRICT_PROTOTYPES = YES;
				CLANG_WARN_SUSPICIOUS_MOVE = YES;
				CLANG_WARN_UNGUARDED_AVAILABILITY = YES_AGGRESSIVE;
				CLANG_WARN_UNREACHABLE_CODE = YES;
				CLANG_WARN__DUPLICATE_METHOD_MATCH = YES;
				COPY_PHASE_STRIP = NO;
				DEBUG_INFORMATION_FORMAT = "dwarf-with-dsym";
				DEVELOPMENT_TEAM = 257E6339EA;
				ENABLE_NS_ASSERTIONS = NO;
				ENABLE_STRICT_OBJC_MSGSEND = YES;
				ENABLE_TESTABILITY = YES;
				ENABLE_USER_SCRIPT_SANDBOXING = YES;
				GCC_C_LANGUAGE_STANDARD = gnu17;
				GCC_NO_COMMON_BLOCKS = YES;
				GCC_WARN_64_TO_32_BIT_CONVERSION = YES;
				GCC_WARN_ABOUT_RETURN_TYPE = YES_ERROR;
				GCC_WARN_UNDECLARED_SELECTOR = YES;
				GCC_WARN_UNINITIALIZED_AUTOS = YES_AGGRESSIVE;
				GCC_WARN_UNUSED_FUNCTION = YES;
				GCC_WARN_UNUSED_VARIABLE = YES;
				LOCALIZATION_PREFERS_STRING_CATALOGS = YES;
				MTL_ENABLE_DEBUG_INFO = NO;
				MTL_FAST_MATH = YES;
				SWIFT_COMPILATION_MODE = wholemodule;
			};
			name = Release;
		};
/* End XCBuildConfiguration section */

/* Begin XCConfigurationList section */
		CA6A99782E415317007D7A87 /* Build configuration list for PBXProject "SummarizeIt" */ = {
			isa = XCConfigurationList;
			buildConfigurations = (
				CA6A99F12E415318007D7A87 /* Debug configuration for PBXProject "SummarizeIt" */,
				CA6A99F22E415318007D7A87 /* Release configuration for PBXProject "SummarizeIt" */,
			);
			defaultConfigurationName = Release;
		};
		CA6A99DD2E415318007D7A87 /* Build configuration list for PBXNativeTarget "SummarizeIt Extension (iOS)" */ = {
			isa = XCConfigurationList;
			buildConfigurations = (
				CA6A99DE2E415318007D7A87 /* Debug configuration for PBXNativeTarget "SummarizeIt Extension (iOS)" */,
				CA6A99DF2E415318007D7A87 /* Release configuration for PBXNativeTarget "SummarizeIt Extension (iOS)" */,
			);
			defaultConfigurationName = Release;
		};
		CA6A99E22E415318007D7A87 /* Build configuration list for PBXNativeTarget "SummarizeIt (iOS)" */ = {
			isa = XCConfigurationList;
			buildConfigurations = (
				CA6A99E32E415318007D7A87 /* Debug configuration for PBXNativeTarget "SummarizeIt (iOS)" */,
				CA6A99E42E415318007D7A87 /* Release configuration for PBXNativeTarget "SummarizeIt (iOS)" */,
			);
			defaultConfigurationName = Release;
		};
		CA6A99E72E415318007D7A87 /* Build configuration list for PBXNativeTarget "SummarizeIt Extension (macOS)" */ = {
			isa = XCConfigurationList;
			buildConfigurations = (
				CA6A99E82E415318007D7A87 /* Debug configuration for PBXNativeTarget "SummarizeIt Extension (macOS)" */,
				CA6A99E92E415318007D7A87 /* Release configuration for PBXNativeTarget "SummarizeIt Extension (macOS)" */,
			);
			defaultConfigurationName = Release;
		};
		CA6A99EC2E415318007D7A87 /* Build configuration list for PBXNativeTarget "SummarizeIt (macOS)" */ = {
			isa = XCConfigurationList;
			buildConfigurations = (
				CA6A99ED2E415318007D7A87 /* Debug configuration for PBXNativeTarget "SummarizeIt (macOS)" */,
				CA6A99EE2E415318007D7A87 /* Release configuration for PBXNativeTarget "SummarizeIt (macOS)" */,
			);
			defaultConfigurationName = Release;
		};
/* End XCConfigurationList section */
	};
	rootObject = CA6A99752E415317007D7A87 /* Project object */;
}
